
Microsoft Visual Studio Solution File, Format Version 12.00
# Visual Studio Version 17
VisualStudioVersion = 17.0.31903.59
MinimumVisualStudioVersion = 10.0.40219.1
Project("{FAE04EC0-301F-11D3-BF4B-00C04F79EFBC}") = "PrimeService", "PrimeService\PrimeService.csproj", "{D5A5E977-0127-4551-88F9-E87B74024DCA}"
EndProject
Project("{FAE04EC0-301F-11D3-BF4B-00C04F79EFBC}") = "PrimeService.Tests", "PrimeService.Tests\PrimeService.Tests.csproj", "{93FA6C5E-82B4-41BC-8898-E6BC70B41163}"
EndProject
Global
	GlobalSection(SolutionConfigurationPlatforms) = preSolution
		Debug|Any CPU = Debug|Any CPU
		Debug|x64 = Debug|x64
		Debug|x86 = Debug|x86
		Release|Any CPU = Release|Any CPU
		Release|x64 = Release|x64
		Release|x86 = Release|x86
	EndGlobalSection
	GlobalSection(ProjectConfigurationPlatforms) = postSolution
		{D5A5E977-0127-4551-88F9-E87B74024DCA}.Debug|Any CPU.ActiveCfg = Debug|Any CPU
		{D5A5E977-0127-4551-88F9-E87B74024DCA}.Debug|Any CPU.Build.0 = Debug|Any CPU
		{D5A5E977-0127-4551-88F9-E87B74024DCA}.Debug|x64.ActiveCfg = Debug|Any CPU
		{D5A5E977-0127-4551-88F9-E87B74024DCA}.Debug|x64.Build.0 = Debug|Any CPU
		{D5A5E977-0127-4551-88F9-E87B74024DCA}.Debug|x86.ActiveCfg = Debug|Any CPU
		{D5A5E977-0127-4551-88F9-E87B74024DCA}.Debug|x86.Build.0 = Debug|Any CPU
		{D5A5E977-0127-4551-88F9-E87B74024DCA}.Release|Any CPU.ActiveCfg = Release|Any CPU
		{D5A5E977-0127-4551-88F9-E87B74024DCA}.Release|Any CPU.Build.0 = Release|Any CPU
		{D5A5E977-0127-4551-88F9-E87B74024DCA}.Release|x64.ActiveCfg = Release|Any CPU
		{D5A5E977-0127-4551-88F9-E87B74024DCA}.Release|x64.Build.0 = Release|Any CPU
		{D5A5E977-0127-4551-88F9-E87B74024DCA}.Release|x86.ActiveCfg = Release|Any CPU
		{D5A5E977-0127-4551-88F9-E87B74024DCA}.Release|x86.Build.0 = Release|Any CPU
		{93FA6C5E-82B4-41BC-8898-E6BC70B41163}.Debug|Any CPU.ActiveCfg = Debug|Any CPU
		{93FA6C5E-82B4-41BC-8898-E6BC70B41163}.Debug|Any CPU.Build.0 = Debug|Any CPU
		{93FA6C5E-82B4-41BC-8898-E6BC70B41163}.Debug|x64.ActiveCfg = Debug|Any CPU
		{93FA6C5E-82B4-41BC-8898-E6BC70B41163}.Debug|x64.Build.0 = Debug|Any CPU
		{93FA6C5E-82B4-41BC-8898-E6BC70B41163}.Debug|x86.ActiveCfg = Debug|Any CPU
		{93FA6C5E-82B4-41BC-8898-E6BC70B41163}.Debug|x86.Build.0 = Debug|Any CPU
		{93FA6C5E-82B4-41BC-8898-E6BC70B41163}.Release|Any CPU.ActiveCfg = Release|Any CPU
		{93FA6C5E-82B4-41BC-8898-E6BC70B41163}.Release|Any CPU.Build.0 = Release|Any CPU
		{93FA6C5E-82B4-41BC-8898-E6BC70B41163}.Release|x64.ActiveCfg = Release|Any CPU
		{93FA6C5E-82B4-41BC-8898-E6BC70B41163}.Release|x64.Build.0 = Release|Any CPU
		{93FA6C5E-82B4-41BC-8898-E6BC70B41163}.Release|x86.ActiveCfg = Release|Any CPU
		{93FA6C5E-82B4-41BC-8898-E6BC70B41163}.Release|x86.Build.0 = Release|Any CPU
	EndGlobalSection
	GlobalSection(SolutionProperties) = preSolution
		HideSolutionNode = FALSE
	EndGlobalSection
EndGlobal
